
Microsoft Visual Studio Solution File, Format Version 12.00
Project("{FAE04EC0-301F-11D3-BF4B-00C04F79EFBC}") = "stocks", "stocks.csproj", "{765334E7-A7F5-4787-AC56-22139CFC1DB5}"
EndProject
Global
	GlobalSection(SolutionConfigurationPlatforms) = preSolution
		Debug|Any CPU = Debug|Any CPU
		Release|Any CPU = Release|Any CPU
	EndGlobalSection
	GlobalSection(ProjectConfigurationPlatforms) = postSolution
		{765334E7-A7F5-4787-AC56-22139CFC1DB5}.Debug|Any CPU.ActiveCfg = Debug|Any CPU
		{765334E7-A7F5-4787-AC56-22139CFC1DB5}.Debug|Any CPU.Build.0 = Debug|Any CPU
		{765334E7-A7F5-4787-AC56-22139CFC1DB5}.Release|Any CPU.ActiveCfg = Release|Any CPU
		{765334E7-A7F5-4787-AC56-22139CFC1DB5}.Release|Any CPU.Build.0 = Release|Any CPU
	EndGlobalSection
EndGlobal
